PODS:
  - AEXML (4.3.3)
  - Alamofire (4.8.2)
  - AlamofireImage (3.5.2):
    - Alamofire (~> 4.8)
  - Bolts (1.9.0):
    - Bolts/AppLinks (= 1.9.0)
    - Bolts/Tasks (= 1.9.0)
  - Bolts/AppLinks (1.9.0):
    - Bolts/Tasks
  - Bolts/Tasks (1.9.0)
  - FBSDKCoreKit (4.40.0):
    - Bolts (~> 1.9)
  - FBSDKLoginKit (4.40.0):
    - FBSDKCoreKit
  - Firebase/Auth (5.18.0):
    - Firebase/CoreOnly
    - FirebaseAuth (= 5.4.0)
  - Firebase/CoreOnly (5.18.0):
    - FirebaseCore (= 5.3.1)
  - FirebaseAuth (5.4.0):
    - FirebaseAuthInterop (~> 1.0)
    - FirebaseCore (~> 5.2)
    - GoogleUtilities/Environment (~> 5.2)
    - GTMSessionFetcher/Core (~> 1.1)
  - FirebaseAuthInterop (1.0.0)
  - FirebaseCore (5.3.1):
    - GoogleUtilities/Logger (~> 5.2)
  - FolioReaderKit (1.4.0):
    - AEXML (= 4.3.3)
    - FontBlaster (= 4.1.0)
    - MenuItemKit (= 3.1.3)
    - RealmSwift (= 3.13.1)
    - SSZipArchive (= 2.1.1)
    - ZFDragableModalTransition (= 0.6)
  - FontBlaster (4.1.0)
  - GoogleSignIn (4.4.0):
    - "GoogleToolboxForMac/NSDictionary+URLArguments (~> 2.1)"
    - "GoogleToolboxForMac/NSString+URLArguments (~> 2.1)"
    - GTMSessionFetcher/Core (~> 1.1)
  - GoogleToolboxForMac/DebugUtils (2.2.0):
    - GoogleToolboxForMac/Defines (= 2.2.0)
  - GoogleToolboxForMac/Defines (2.2.0)
  - "GoogleToolboxForMac/NSDictionary+URLArguments (2.2.0)":
    - GoogleToolboxForMac/DebugUtils (= 2.2.0)
    - GoogleToolboxForMac/Defines (= 2.2.0)
    - "GoogleToolboxForMac/NSString+URLArguments (= 2.2.0)"
  - "GoogleToolboxForMac/NSString+URLArguments (2.2.0)"
  - GoogleUtilities/Environment (5.3.7)
  - GoogleUtilities/Logger (5.3.7):
    - GoogleUtilities/Environment
  - GTMSessionFetcher/Core (1.2.1)
  - MBProgressHUD (1.1.0)
  - MenuItemKit (3.1.3)
  - Realm (3.13.1):
    - Realm/Headers (= 3.13.1)
  - Realm/Headers (3.13.1)
  - RealmSwift (3.13.1):
    - Realm (= 3.13.1)
  - SSZipArchive (2.1.1)
  - SwiftyXMLParser (5.0.0)
  - ZFDragableModalTransition (0.6)

DEPENDENCIES:
  - Alamofire (~> 4.8)
  - AlamofireImage (~> 3.5)
  - FBSDKLoginKit
  - Firebase/Auth
  - FolioReaderKit
  - GoogleSignIn
  - MBProgressHUD (~> 1.1.0)
  - SwiftyXMLParser (from `https://github.com/yahoojapan/SwiftyXMLParser.git`)

SPEC REPOS:
  https://github.com/cocoapods/specs.git:
    - AEXML
    - Alamofire
    - AlamofireImage
    - Bolts
    - FBSDKCoreKit
    - FBSDKLoginKit
    - Firebase
    - FirebaseAuth
    - FirebaseAuthInterop
    - FirebaseCore
    - FolioReaderKit
    - FontBlaster
    - GoogleSignIn
    - GoogleToolboxForMac
    - GoogleUtilities
    - GTMSessionFetcher
    - MBProgressHUD
    - MenuItemKit
    - Realm
    - RealmSwift
    - SSZipArchive
    - ZFDragableModalTransition

EXTERNAL SOURCES:
  SwiftyXMLParser:
    :git: https://github.com/yahoojapan/SwiftyXMLParser.git

CHECKOUT OPTIONS:
  SwiftyXMLParser:
    :commit: cbf9951f7d3c8de3d1368f4883556354f11c21f7
    :git: https://github.com/yahoojapan/SwiftyXMLParser.git

SPEC CHECKSUMS:
  AEXML: 601f41fcaa7bda7605cad153b0f43db9ec006c0f
  Alamofire: ae5c501addb7afdbb13687d7f2f722c78734c2d3
  AlamofireImage: 63cfe3baf1370be6c498149687cf6db3e3b00999
  Bolts: ac6567323eac61e203f6a9763667d0f711be34c8
  FBSDKCoreKit: ae214474b25033399c131dc81d258e412582a2ba
  FBSDKLoginKit: 7a1e411d46acc8834588eca437daf34de42e1d52
  Firebase: 02f3281965c075426141a0ce1277e9de6649cab9
  FirebaseAuth: d85d052354447f30b4b2a805ab91b511458b56a6
  FirebaseAuthInterop: 0ffa57668be100582bb7643d4fcb7615496c41fc
  FirebaseCore: 52f851b30e11360f1e67cf04b1edfebf0a47a2d3
  FolioReaderKit: 0ab8efee766eebd1cdbe88ca7791c7e966cad3be
  FontBlaster: 127aa66419478d1c62926c7fdb39841633344a45
  GoogleSignIn: 7ff245e1a7b26d379099d3243a562f5747e23d39
  GoogleToolboxForMac: ff31605b7d66400dcec09bed5861689aebadda4d
  GoogleUtilities: 111a012f4c3a29c9e7c954c082fafd6ee3c999c0
  GTMSessionFetcher: 32aeca0aa144acea523e1c8e053089dec2cb98ca
  MBProgressHUD: e7baa36a220447d8aeb12769bf0585582f3866d9
  MenuItemKit: 0f850e630b0a3d2bd80fec54db87ce0d2077ada2
  Realm: 50071da38fe079e0735e47c9f2eae738c68c5996
  RealmSwift: 8a1e6a02b7a08cd17a31e3115143fb69fe5f3fb9
  SSZipArchive: 14401ade5f8e82aba1ff03e9f88e9de60937ae60
  SwiftyXMLParser: 5ebb8793192f403fa8cc691045143906122a7a75
  ZFDragableModalTransition: 0d294eaaba6edfcb9839595de765f9ca06a4b524

PODFILE CHECKSUM: 7c71961c2a4d6eea2852a72c13777e47ec32ba09

COCOAPODS: 1.6.1
